// !$*UTF8*$!
{
	archiveVersion = 1;
	classes = {
	};
	objectVersion = 55;
	objects = {

/* Begin PBXBuildFile section */
		D3100F07275DF02B004BB3BF /* ResultUserProfilViewController.swift in Sources */ = {isa = PBXBuildFile; fileRef = D3100F06275DF02B004BB3BF /* ResultUserProfilViewController.swift */; };
		D3100F0B275E1AFC004BB3BF /* ProfilPageView.swift in Sources */ = {isa = PBXBuildFile; fileRef = D3100F0A275E1AFC004BB3BF /* ProfilPageView.swift */; };
		D3100F10275E258C004BB3BF /* CoreLocation.framework in Frameworks */ = {isa = PBXBuildFile; fileRef = D3A86926274FA99C00D2BCC8 /* CoreLocation.framework */; };
		D31BCE382784B16000B0E21A /* AllConversation.swift in Sources */ = {isa = PBXBuildFile; fileRef = D31BCE372784B16000B0E21A /* AllConversation.swift */; };
		D31BCE3B2784B23C00B0E21A /* MessengerTableViewCell.swift in Sources */ = {isa = PBXBuildFile; fileRef = D31BCE3A2784B23C00B0E21A /* MessengerTableViewCell.swift */; };
		D32952E227A30B29009C34CB /* UserInfoTest.swift in Sources */ = {isa = PBXBuildFile; fileRef = D32952E127A30B29009C34CB /* UserInfoTest.swift */; };
		D32E5A23274D659F0045073C /* FirebaseManager.swift in Sources */ = {isa = PBXBuildFile; fileRef = D32E5A22274D659F0045073C /* FirebaseManager.swift */; };
		D332D814275280EC001B9A26 /* AccessPathDataBase.swift in Sources */ = {isa = PBXBuildFile; fileRef = D332D813275280EC001B9A26 /* AccessPathDataBase.swift */; };
		D332D818275295FB001B9A26 /* MusicInstruments.swift in Sources */ = {isa = PBXBuildFile; fileRef = D332D817275295FB001B9A26 /* MusicInstruments.swift */; };
		D3348D19274EAA1300811091 /* UserInfo.swift in Sources */ = {isa = PBXBuildFile; fileRef = D3348D18274EAA1300811091 /* UserInfo.swift */; };
		D33762602758A8F20083FE53 /* GeolocalisationManager.swift in Sources */ = {isa = PBXBuildFile; fileRef = D337625F2758A8F20083FE53 /* GeolocalisationManager.swift */; };
		D33762642758D8EC0083FE53 /* MusicityHomeCustomView.swift in Sources */ = {isa = PBXBuildFile; fileRef = D33762632758D8EC0083FE53 /* MusicityHomeCustomView.swift */; };
		D34049A32786090800FA2F90 /* TchatViewController.swift in Sources */ = {isa = PBXBuildFile; fileRef = D34049A22786090800FA2F90 /* TchatViewController.swift */; };
		D34049A527862EB500FA2F90 /* TchatTableViewCell.swift in Sources */ = {isa = PBXBuildFile; fileRef = D34049A427862EB500FA2F90 /* TchatTableViewCell.swift */; };
		D3452178279458200074BBBB /* IQKeyboardManagerSwift in Frameworks */ = {isa = PBXBuildFile; productRef = D3452177279458200074BBBB /* IQKeyboardManagerSwift */; settings = {ATTRIBUTES = (Required, ); }; };
		D3497CB5275668EC00D69D08 /* ProfilUserViewController.swift in Sources */ = {isa = PBXBuildFile; fileRef = D3497CB4275668EC00D69D08 /* ProfilUserViewController.swift */; };
		D3497CB727566F7C00D69D08 /* MusicityHomeViewController.swift in Sources */ = {isa = PBXBuildFile; fileRef = D3497CB627566F7C00D69D08 /* MusicityHomeViewController.swift */; };
		D3497CB927567A5100D69D08 /* WelcomeViewController.swift in Sources */ = {isa = PBXBuildFile; fileRef = D3497CB827567A5100D69D08 /* WelcomeViewController.swift */; };
		D34B1E702748E0D600A7B77F /* GoogleService-Info.plist in Resources */ = {isa = PBXBuildFile; fileRef = D34B1E6F2748E0D600A7B77F /* GoogleService-Info.plist */; };
		D35075262772513900DD3365 /* YoutubeManager.swift in Sources */ = {isa = PBXBuildFile; fileRef = D35075252772513900DD3365 /* YoutubeManager.swift */; };
		D36292192761225400328090 /* ChoiceCollectionViewCell.swift in Sources */ = {isa = PBXBuildFile; fileRef = D36292182761225400328090 /* ChoiceCollectionViewCell.swift */; };
		D36A4AC727A727EC0089BF0C /* ExportUserDataBase.swift in Sources */ = {isa = PBXBuildFile; fileRef = D36A4AC627A727EC0089BF0C /* ExportUserDataBase.swift */; };
		D36F0BE8275FA652009D5A69 /* TagCollectionViewCell.swift in Sources */ = {isa = PBXBuildFile; fileRef = D36F0BE7275FA652009D5A69 /* TagCollectionViewCell.swift */; };
		D372FE73275E28D300DC5298 /* FirebaseDatabase in Frameworks */ = {isa = PBXBuildFile; productRef = D372FE72275E28D300DC5298 /* FirebaseDatabase */; settings = {ATTRIBUTES = (Required, ); }; };
		D372FE75275E28DE00DC5298 /* FirebaseAuth in Frameworks */ = {isa = PBXBuildFile; productRef = D372FE74275E28DE00DC5298 /* FirebaseAuth */; settings = {ATTRIBUTES = (Required, ); }; };
		D372FE77275E28E900DC5298 /* GeoFire in Frameworks */ = {isa = PBXBuildFile; productRef = D372FE76275E28E900DC5298 /* GeoFire */; settings = {ATTRIBUTES = (Required, ); }; };
		D372FE7D275E28FB00DC5298 /* FirebaseStorage in Frameworks */ = {isa = PBXBuildFile; productRef = D372FE7C275E28FB00DC5298 /* FirebaseStorage */; settings = {ATTRIBUTES = (Required, ); }; };
		D372FE84275E300900DC5298 /* YoutubePlayer-in-WKWebView in Frameworks */ = {isa = PBXBuildFile; productRef = D372FE83275E300900DC5298 /* YoutubePlayer-in-WKWebView */; settings = {ATTRIBUTES = (Required, ); }; };
		D37D91F92747B72000D59BC5 /* AppDelegate.swift in Sources */ = {isa = PBXBuildFile; fileRef = D37D91F82747B72000D59BC5 /* AppDelegate.swift */; };
		D37D91FB2747B72000D59BC5 /* SceneDelegate.swift in Sources */ = {isa = PBXBuildFile; fileRef = D37D91FA2747B72000D59BC5 /* SceneDelegate.swift */; };
		D37D91FD2747B72000D59BC5 /* CreateUserViewController.swift in Sources */ = {isa = PBXBuildFile; fileRef = D37D91FC2747B72000D59BC5 /* CreateUserViewController.swift */; };
		D37D92002747B72000D59BC5 /* Main.storyboard in Resources */ = {isa = PBXBuildFile; fileRef = D37D91FE2747B72000D59BC5 /* Main.storyboard */; };
		D37D92022747B72100D59BC5 /* Assets.xcassets in Resources */ = {isa = PBXBuildFile; fileRef = D37D92012747B72100D59BC5 /* Assets.xcassets */; };
		D37D92052747B72100D59BC5 /* LaunchScreen.storyboard in Resources */ = {isa = PBXBuildFile; fileRef = D37D92032747B72100D59BC5 /* LaunchScreen.storyboard */; };
		D37D92302747ED1700D59BC5 /* CustomCreateUserView.swift in Sources */ = {isa = PBXBuildFile; fileRef = D37D922F2747ED1700D59BC5 /* CustomCreateUserView.swift */; };
		D37D92322748080D00D59BC5 /* Archistico_Bold.ttf in Resources */ = {isa = PBXBuildFile; fileRef = D37D92312748080D00D59BC5 /* Archistico_Bold.ttf */; };
		D381CB0F277B18C500570A1F /* ResultProfilPage.swift in Sources */ = {isa = PBXBuildFile; fileRef = D381CB0E277B18C500570A1F /* ResultProfilPage.swift */; };
		D381CB15277B8F7000570A1F /* FilterViewController.swift in Sources */ = {isa = PBXBuildFile; fileRef = D381CB14277B8F7000570A1F /* FilterViewController.swift */; };
		D386B45C27611795003CA551 /* FirstCreateProfilViewController.swift in Sources */ = {isa = PBXBuildFile; fileRef = D386B45B27611795003CA551 /* FirstCreateProfilViewController.swift */; };
		D39353812762310B000A57B3 /* SecondCreateProfilTableViewController.swift in Sources */ = {isa = PBXBuildFile; fileRef = D39353802762310B000A57B3 /* SecondCreateProfilTableViewController.swift */; };
		D393538327623CB8000A57B3 /* CustomCreateSecondUIView.swift in Sources */ = {isa = PBXBuildFile; fileRef = D393538227623CB8000A57B3 /* CustomCreateSecondUIView.swift */; };
		D3A86925274F9FE400D2BCC8 /* MusicStyle.swift in Sources */ = {isa = PBXBuildFile; fileRef = D3A86924274F9FE400D2BCC8 /* MusicStyle.swift */; };
		D3ACE20C27A7FEDC00896354 /* ResultInfoTest.swift in Sources */ = {isa = PBXBuildFile; fileRef = D3ACE20B27A7FEDC00896354 /* ResultInfoTest.swift */; };
		D3ACE21327AA967700896354 /* FirebaseManagerTest.swift in Sources */ = {isa = PBXBuildFile; fileRef = D3ACE21227AA967700896354 /* FirebaseManagerTest.swift */; };
		D3B14CF2275A4B5800BA5876 /* ResultInfo.swift in Sources */ = {isa = PBXBuildFile; fileRef = D3B14CF1275A4B5800BA5876 /* ResultInfo.swift */; };
		D3B14CF4275A596300BA5876 /* TileCollectionViewCell.swift in Sources */ = {isa = PBXBuildFile; fileRef = D3B14CF3275A596300BA5876 /* TileCollectionViewCell.swift */; };
		D3C58D45279493E0001073AD /* InputBarAccessoryView in Frameworks */ = {isa = PBXBuildFile; productRef = D3C58D44279493E0001073AD /* InputBarAccessoryView */; settings = {ATTRIBUTES = (Required, ); }; };
		D3ECCC49274AB020005538E6 /* CustomConnextionView.swift in Sources */ = {isa = PBXBuildFile; fileRef = D3ECCC48274AB020005538E6 /* CustomConnextionView.swift */; };
		D3ECCC4B274AB2CC005538E6 /* LogInViewController.swift in Sources */ = {isa = PBXBuildFile; fileRef = D3ECCC4A274AB2CC005538E6 /* LogInViewController.swift */; };
		D3ECCC4D274AC5F7005538E6 /* AlerteManager.swift in Sources */ = {isa = PBXBuildFile; fileRef = D3ECCC4C274AC5F7005538E6 /* AlerteManager.swift */; };
		D3ECD6ED276355F900366A1D /* CustomOrangeButton.swift in Sources */ = {isa = PBXBuildFile; fileRef = D3ECD6EC276355F900366A1D /* CustomOrangeButton.swift */; };
		D3ECD6F22763B9F400366A1D /* CustomProfilPictureView.swift in Sources */ = {isa = PBXBuildFile; fileRef = D3ECD6F12763B9F400366A1D /* CustomProfilPictureView.swift */; };
		D3ECD6F52763BF6600366A1D /* EditProfilViewController.swift in Sources */ = {isa = PBXBuildFile; fileRef = D3ECD6F42763BF6600366A1D /* EditProfilViewController.swift */; };
		D3FF5A5A2770F794000596D7 /* EditProfilCustomView.swift in Sources */ = {isa = PBXBuildFile; fileRef = D3FF5A592770F794000596D7 /* EditProfilCustomView.swift */; };
/* End PBXBuildFile section */

/* Begin PBXContainerItemProxy section */
		D32952DC27A30A6B009C34CB /* PBXContainerItemProxy */ = {
			isa = PBXContainerItemProxy;
			containerPortal = D37D91ED2747B72000D59BC5 /* Project object */;
			proxyType = 1;
			remoteGlobalIDString = D37D91F42747B72000D59BC5;
			remoteInfo = musicity;
		};
/* End PBXContainerItemProxy section */

/* Begin PBXFileReference section */
		D3100F06275DF02B004BB3BF /* ResultUserProfilViewController.swift */ = {isa = PBXFileReference; lastKnownFileType = sourcecode.swift; path = ResultUserProfilViewController.swift; sourceTree = "<group>"; };
		D3100F0A275E1AFC004BB3BF /* ProfilPageView.swift */ = {isa = PBXFileReference; lastKnownFileType = sourcecode.swift; path = ProfilPageView.swift; sourceTree = "<group>"; };
		D31BCE372784B16000B0E21A /* AllConversation.swift */ = {isa = PBXFileReference; lastKnownFileType = sourcecode.swift; path = AllConversation.swift; sourceTree = "<group>"; };
		D31BCE3A2784B23C00B0E21A /* MessengerTableViewCell.swift */ = {isa = PBXFileReference; lastKnownFileType = sourcecode.swift; path = MessengerTableViewCell.swift; sourceTree = "<group>"; };
		D32952D827A30A6B009C34CB /* musicityUnitTests.xctest */ = {isa = PBXFileReference; explicitFileType = wrapper.cfbundle; includeInIndex = 0; path = musicityUnitTests.xctest; sourceTree = BUILT_PRODUCTS_DIR; };
		D32952E127A30B29009C34CB /* UserInfoTest.swift */ = {isa = PBXFileReference; lastKnownFileType = sourcecode.swift; path = UserInfoTest.swift; sourceTree = "<group>"; };
		D32E5A22274D659F0045073C /* FirebaseManager.swift */ = {isa = PBXFileReference; lastKnownFileType = sourcecode.swift; path = FirebaseManager.swift; sourceTree = "<group>"; };
		D332D813275280EC001B9A26 /* AccessPathDataBase.swift */ = {isa = PBXFileReference; lastKnownFileType = sourcecode.swift; path = AccessPathDataBase.swift; sourceTree = "<group>"; };
		D332D817275295FB001B9A26 /* MusicInstruments.swift */ = {isa = PBXFileReference; lastKnownFileType = sourcecode.swift; path = MusicInstruments.swift; sourceTree = "<group>"; };
		D3348D18274EAA1300811091 /* UserInfo.swift */ = {isa = PBXFileReference; lastKnownFileType = sourcecode.swift; path = UserInfo.swift; sourceTree = "<group>"; };
		D337625F2758A8F20083FE53 /* GeolocalisationManager.swift */ = {isa = PBXFileReference; lastKnownFileType = sourcecode.swift; path = GeolocalisationManager.swift; sourceTree = "<group>"; };
		D33762632758D8EC0083FE53 /* MusicityHomeCustomView.swift */ = {isa = PBXFileReference; lastKnownFileType = sourcecode.swift; path = MusicityHomeCustomView.swift; sourceTree = "<group>"; };
		D34049A22786090800FA2F90 /* TchatViewController.swift */ = {isa = PBXFileReference; lastKnownFileType = sourcecode.swift; path = TchatViewController.swift; sourceTree = "<group>"; };
		D34049A427862EB500FA2F90 /* TchatTableViewCell.swift */ = {isa = PBXFileReference; lastKnownFileType = sourcecode.swift; path = TchatTableViewCell.swift; sourceTree = "<group>"; };
		D3497CB4275668EC00D69D08 /* ProfilUserViewController.swift */ = {isa = PBXFileReference; lastKnownFileType = sourcecode.swift; path = ProfilUserViewController.swift; sourceTree = "<group>"; };
		D3497CB627566F7C00D69D08 /* MusicityHomeViewController.swift */ = {isa = PBXFileReference; lastKnownFileType = sourcecode.swift; path = MusicityHomeViewController.swift; sourceTree = "<group>"; };
		D3497CB827567A5100D69D08 /* WelcomeViewController.swift */ = {isa = PBXFileReference; lastKnownFileType = sourcecode.swift; path = WelcomeViewController.swift; sourceTree = "<group>"; };
		D34B1E6F2748E0D600A7B77F /* GoogleService-Info.plist */ = {isa = PBXFileReference; fileEncoding = 4; lastKnownFileType = text.plist.xml; path = "GoogleService-Info.plist"; sourceTree = "<group>"; };
		D35075252772513900DD3365 /* YoutubeManager.swift */ = {isa = PBXFileReference; lastKnownFileType = sourcecode.swift; path = YoutubeManager.swift; sourceTree = "<group>"; };
		D36292182761225400328090 /* ChoiceCollectionViewCell.swift */ = {isa = PBXFileReference; lastKnownFileType = sourcecode.swift; path = ChoiceCollectionViewCell.swift; sourceTree = "<group>"; };
		D36A4AC627A727EC0089BF0C /* ExportUserDataBase.swift */ = {isa = PBXFileReference; lastKnownFileType = sourcecode.swift; path = ExportUserDataBase.swift; sourceTree = "<group>"; };
		D36F0BE7275FA652009D5A69 /* TagCollectionViewCell.swift */ = {isa = PBXFileReference; lastKnownFileType = sourcecode.swift; path = TagCollectionViewCell.swift; sourceTree = "<group>"; };
		D37D91F52747B72000D59BC5 /* musicity.app */ = {isa = PBXFileReference; explicitFileType = wrapper.application; includeInIndex = 0; path = musicity.app; sourceTree = BUILT_PRODUCTS_DIR; };
		D37D91F82747B72000D59BC5 /* AppDelegate.swift */ = {isa = PBXFileReference; lastKnownFileType = sourcecode.swift; path = AppDelegate.swift; sourceTree = "<group>"; };
		D37D91FA2747B72000D59BC5 /* SceneDelegate.swift */ = {isa = PBXFileReference; lastKnownFileType = sourcecode.swift; path = SceneDelegate.swift; sourceTree = "<group>"; };
		D37D91FC2747B72000D59BC5 /* CreateUserViewController.swift */ = {isa = PBXFileReference; lastKnownFileType = sourcecode.swift; path = CreateUserViewController.swift; sourceTree = "<group>"; };
		D37D91FF2747B72000D59BC5 /* Base */ = {isa = PBXFileReference; lastKnownFileType = file.storyboard; name = Base; path = Base.lproj/Main.storyboard; sourceTree = "<group>"; };
		D37D92012747B72100D59BC5 /* Assets.xcassets */ = {isa = PBXFileReference; lastKnownFileType = folder.assetcatalog; path = Assets.xcassets; sourceTree = "<group>"; };
		D37D92042747B72100D59BC5 /* Base */ = {isa = PBXFileReference; lastKnownFileType = file.storyboard; name = Base; path = Base.lproj/LaunchScreen.storyboard; sourceTree = "<group>"; };
		D37D92062747B72100D59BC5 /* Info.plist */ = {isa = PBXFileReference; lastKnownFileType = text.plist.xml; path = Info.plist; sourceTree = "<group>"; };
		D37D922F2747ED1700D59BC5 /* CustomCreateUserView.swift */ = {isa = PBXFileReference; lastKnownFileType = sourcecode.swift; path = CustomCreateUserView.swift; sourceTree = "<group>"; };
		D37D92312748080D00D59BC5 /* Archistico_Bold.ttf */ = {isa = PBXFileReference; lastKnownFileType = file; path = Archistico_Bold.ttf; sourceTree = "<group>"; };
		D381CB0E277B18C500570A1F /* ResultProfilPage.swift */ = {isa = PBXFileReference; lastKnownFileType = sourcecode.swift; path = ResultProfilPage.swift; sourceTree = "<group>"; };
		D381CB14277B8F7000570A1F /* FilterViewController.swift */ = {isa = PBXFileReference; lastKnownFileType = sourcecode.swift; path = FilterViewController.swift; sourceTree = "<group>"; };
		D386B45B27611795003CA551 /* FirstCreateProfilViewController.swift */ = {isa = PBXFileReference; lastKnownFileType = sourcecode.swift; path = FirstCreateProfilViewController.swift; sourceTree = "<group>"; };
		D39353802762310B000A57B3 /* SecondCreateProfilTableViewController.swift */ = {isa = PBXFileReference; lastKnownFileType = sourcecode.swift; path = SecondCreateProfilTableViewController.swift; sourceTree = "<group>"; };
		D393538227623CB8000A57B3 /* CustomCreateSecondUIView.swift */ = {isa = PBXFileReference; lastKnownFileType = sourcecode.swift; path = CustomCreateSecondUIView.swift; sourceTree = "<group>"; };
		D3A86924274F9FE400D2BCC8 /* MusicStyle.swift */ = {isa = PBXFileReference; lastKnownFileType = sourcecode.swift; path = MusicStyle.swift; sourceTree = "<group>"; };
		D3A86926274FA99C00D2BCC8 /* CoreLocation.framework */ = {isa = PBXFileReference; lastKnownFileType = wrapper.framework; name = CoreLocation.framework; path = System/Library/Frameworks/CoreLocation.framework; sourceTree = SDKROOT; };
		D3ACE20B27A7FEDC00896354 /* ResultInfoTest.swift */ = {isa = PBXFileReference; lastKnownFileType = sourcecode.swift; path = ResultInfoTest.swift; sourceTree = "<group>"; };
		D3ACE21227AA967700896354 /* FirebaseManagerTest.swift */ = {isa = PBXFileReference; lastKnownFileType = sourcecode.swift; path = FirebaseManagerTest.swift; sourceTree = "<group>"; };
		D3B14CF1275A4B5800BA5876 /* ResultInfo.swift */ = {isa = PBXFileReference; lastKnownFileType = sourcecode.swift; path = ResultInfo.swift; sourceTree = "<group>"; };
		D3B14CF3275A596300BA5876 /* TileCollectionViewCell.swift */ = {isa = PBXFileReference; lastKnownFileType = sourcecode.swift; path = TileCollectionViewCell.swift; sourceTree = "<group>"; };
		D3ECCC48274AB020005538E6 /* CustomConnextionView.swift */ = {isa = PBXFileReference; lastKnownFileType = sourcecode.swift; path = CustomConnextionView.swift; sourceTree = "<group>"; };
		D3ECCC4A274AB2CC005538E6 /* LogInViewController.swift */ = {isa = PBXFileReference; lastKnownFileType = sourcecode.swift; path = LogInViewController.swift; sourceTree = "<group>"; };
		D3ECCC4C274AC5F7005538E6 /* AlerteManager.swift */ = {isa = PBXFileReference; lastKnownFileType = sourcecode.swift; path = AlerteManager.swift; sourceTree = "<group>"; };
		D3ECD6EC276355F900366A1D /* CustomOrangeButton.swift */ = {isa = PBXFileReference; lastKnownFileType = sourcecode.swift; path = CustomOrangeButton.swift; sourceTree = "<group>"; };
		D3ECD6F12763B9F400366A1D /* CustomProfilPictureView.swift */ = {isa = PBXFileReference; lastKnownFileType = sourcecode.swift; path = CustomProfilPictureView.swift; sourceTree = "<group>"; };
		D3ECD6F42763BF6600366A1D /* EditProfilViewController.swift */ = {isa = PBXFileReference; lastKnownFileType = sourcecode.swift; path = EditProfilViewController.swift; sourceTree = "<group>"; };
		D3FF5A592770F794000596D7 /* EditProfilCustomView.swift */ = {isa = PBXFileReference; lastKnownFileType = sourcecode.swift; path = EditProfilCustomView.swift; sourceTree = "<group>"; };
/* End PBXFileReference section */

/* Begin PBXFrameworksBuildPhase section */
		D32952D527A30A6B009C34CB /* Frameworks */ = {
			isa = PBXFrameworksBuildPhase;
			buildActionMask = 2147483647;
			files = (
			);
			runOnlyForDeploymentPostprocessing = 0;
		};
		D37D91F22747B72000D59BC5 /* Frameworks */ = {
			isa = PBXFrameworksBuildPhase;
			buildActionMask = 2147483647;
			files = (
				D372FE84275E300900DC5298 /* YoutubePlayer-in-WKWebView in Frameworks */,
				D372FE77275E28E900DC5298 /* GeoFire in Frameworks */,
				D372FE73275E28D300DC5298 /* FirebaseDatabase in Frameworks */,
				D3C58D45279493E0001073AD /* InputBarAccessoryView in Frameworks */,
				D372FE75275E28DE00DC5298 /* FirebaseAuth in Frameworks */,
				D3452178279458200074BBBB /* IQKeyboardManagerSwift in Frameworks */,
				D372FE7D275E28FB00DC5298 /* FirebaseStorage in Frameworks */,
				D3100F10275E258C004BB3BF /* CoreLocation.framework in Frameworks */,
			);
			runOnlyForDeploymentPostprocessing = 0;
		};
/* End PBXFrameworksBuildPhase section */

/* Begin PBXGroup section */
		D3100F08275DF0B9004BB3BF /* CreateProfil */ = {
			isa = PBXGroup;
			children = (
				D37D91FC2747B72000D59BC5 /* CreateUserViewController.swift */,
				D386B45B27611795003CA551 /* FirstCreateProfilViewController.swift */,
				D39353802762310B000A57B3 /* SecondCreateProfilTableViewController.swift */,
				D3497CB827567A5100D69D08 /* WelcomeViewController.swift */,
			);
			path = CreateProfil;
			sourceTree = "<group>";
		};
		D3100F09275DF0E0004BB3BF /* LogIn */ = {
			isa = PBXGroup;
			children = (
				D3ECCC4A274AB2CC005538E6 /* LogInViewController.swift */,
			);
			path = LogIn;
			sourceTree = "<group>";
		};
		D31BCE392784B16400B0E21A /* Messenger */ = {
			isa = PBXGroup;
			children = (
				D31BCE372784B16000B0E21A /* AllConversation.swift */,
				D34049A22786090800FA2F90 /* TchatViewController.swift */,
			);
			path = Messenger;
			sourceTree = "<group>";
		};
		D31BCE3C2784BA0400B0E21A /* tableViewCell */ = {
			isa = PBXGroup;
			children = (
				D31BCE3A2784B23C00B0E21A /* MessengerTableViewCell.swift */,
				D34049A427862EB500FA2F90 /* TchatTableViewCell.swift */,
			);
			path = tableViewCell;
			sourceTree = "<group>";
		};
		D32952D927A30A6B009C34CB /* musicityUnitTests */ = {
			isa = PBXGroup;
			children = (
				D32952E127A30B29009C34CB /* UserInfoTest.swift */,
				D36A4AC627A727EC0089BF0C /* ExportUserDataBase.swift */,
				D3ACE20B27A7FEDC00896354 /* ResultInfoTest.swift */,
				D3ACE21227AA967700896354 /* FirebaseManagerTest.swift */,
			);
			path = musicityUnitTests;
			sourceTree = "<group>";
		};
		D3348D17274E3C8A00811091 /* Manager */ = {
			isa = PBXGroup;
			children = (
				D3ECCC4C274AC5F7005538E6 /* AlerteManager.swift */,
				D32E5A22274D659F0045073C /* FirebaseManager.swift */,
				D337625F2758A8F20083FE53 /* GeolocalisationManager.swift */,
				D35075252772513900DD3365 /* YoutubeManager.swift */,
			);
			path = Manager;
			sourceTree = "<group>";
		};
		D34B1E762748EF0C00A7B77F /* Frameworks */ = {
			isa = PBXGroup;
			children = (
				D3A86926274FA99C00D2BCC8 /* CoreLocation.framework */,
			);
			name = Frameworks;
			sourceTree = "<group>";
		};
		D37D91EC2747B72000D59BC5 = {
			isa = PBXGroup;
			children = (
				D37D91F72747B72000D59BC5 /* musicity */,
				D32952D927A30A6B009C34CB /* musicityUnitTests */,
				D37D91F62747B72000D59BC5 /* Products */,
				D34B1E762748EF0C00A7B77F /* Frameworks */,
			);
			sourceTree = "<group>";
		};
		D37D91F62747B72000D59BC5 /* Products */ = {
			isa = PBXGroup;
			children = (
				D37D91F52747B72000D59BC5 /* musicity.app */,
				D32952D827A30A6B009C34CB /* musicityUnitTests.xctest */,
			);
			name = Products;
			sourceTree = "<group>";
		};
		D37D91F72747B72000D59BC5 /* musicity */ = {
			isa = PBXGroup;
			children = (
				D37D91FA2747B72000D59BC5 /* SceneDelegate.swift */,
				D37D91F82747B72000D59BC5 /* AppDelegate.swift */,
				D37D92312748080D00D59BC5 /* Archistico_Bold.ttf */,
				D37D922A2747DF2B00D59BC5 /* Controller */,
				D37D92292747DF2500D59BC5 /* model */,
				D3348D17274E3C8A00811091 /* Manager */,
				D37D92282747DF1C00D59BC5 /* View */,
				D37D92062747B72100D59BC5 /* Info.plist */,
				D34B1E6F2748E0D600A7B77F /* GoogleService-Info.plist */,
			);
			path = musicity;
			sourceTree = "<group>";
		};
		D37D92282747DF1C00D59BC5 /* View */ = {
			isa = PBXGroup;
			children = (
				D37D92012747B72100D59BC5 /* Assets.xcassets */,
				D37D91FE2747B72000D59BC5 /* Main.storyboard */,
				D37D92032747B72100D59BC5 /* LaunchScreen.storyboard */,
				D381CB10277B18D900570A1F /* CreateProfilView */,
				D381CB13277B469C00570A1F /* resulMusicityView */,
				D381CB11277B190C00570A1F /* ProfilPersoView */,
				D3ECD6F32763BA0100366A1D /* customElement */,
				D3ECD6EE27635A9900366A1D /* collectionViewCell */,
				D31BCE3C2784BA0400B0E21A /* tableViewCell */,
			);
			path = View;
			sourceTree = "<group>";
		};
		D37D92292747DF2500D59BC5 /* model */ = {
			isa = PBXGroup;
			children = (
				D332D813275280EC001B9A26 /* AccessPathDataBase.swift */,
				D3348D18274EAA1300811091 /* UserInfo.swift */,
				D3A86924274F9FE400D2BCC8 /* MusicStyle.swift */,
				D332D817275295FB001B9A26 /* MusicInstruments.swift */,
				D3B14CF1275A4B5800BA5876 /* ResultInfo.swift */,
			);
			path = model;
			sourceTree = "<group>";
		};
		D37D922A2747DF2B00D59BC5 /* Controller */ = {
			isa = PBXGroup;
			children = (
				D3100F09275DF0E0004BB3BF /* LogIn */,
				D3100F08275DF0B9004BB3BF /* CreateProfil */,
				D381CB12277B467900570A1F /* resultMusicity */,
				D3CA9620275E6CA000522FEE /* ProfilPerso */,
				D31BCE392784B16400B0E21A /* Messenger */,
			);
			path = Controller;
			sourceTree = "<group>";
		};
		D381CB10277B18D900570A1F /* CreateProfilView */ = {
			isa = PBXGroup;
			children = (
				D3ECCC48274AB020005538E6 /* CustomConnextionView.swift */,
				D37D922F2747ED1700D59BC5 /* CustomCreateUserView.swift */,
				D393538227623CB8000A57B3 /* CustomCreateSecondUIView.swift */,
			);
			path = CreateProfilView;
			sourceTree = "<group>";
		};
		D381CB11277B190C00570A1F /* ProfilPersoView */ = {
			isa = PBXGroup;
			children = (
				D3100F0A275E1AFC004BB3BF /* ProfilPageView.swift */,
				D3FF5A592770F794000596D7 /* EditProfilCustomView.swift */,
			);
			path = ProfilPersoView;
			sourceTree = "<group>";
		};
		D381CB12277B467900570A1F /* resultMusicity */ = {
			isa = PBXGroup;
			children = (
				D3497CB627566F7C00D69D08 /* MusicityHomeViewController.swift */,
				D381CB14277B8F7000570A1F /* FilterViewController.swift */,
				D3100F06275DF02B004BB3BF /* ResultUserProfilViewController.swift */,
			);
			path = resultMusicity;
			sourceTree = "<group>";
		};
		D381CB13277B469C00570A1F /* resulMusicityView */ = {
			isa = PBXGroup;
			children = (
				D33762632758D8EC0083FE53 /* MusicityHomeCustomView.swift */,
				D381CB0E277B18C500570A1F /* ResultProfilPage.swift */,
			);
			path = resulMusicityView;
			sourceTree = "<group>";
		};
		D3CA9620275E6CA000522FEE /* ProfilPerso */ = {
			isa = PBXGroup;
			children = (
				D3497CB4275668EC00D69D08 /* ProfilUserViewController.swift */,
				D3ECD6F42763BF6600366A1D /* EditProfilViewController.swift */,
			);
			path = ProfilPerso;
			sourceTree = "<group>";
		};
		D3ECD6EE27635A9900366A1D /* collectionViewCell */ = {
			isa = PBXGroup;
			children = (
				D3B14CF3275A596300BA5876 /* TileCollectionViewCell.swift */,
				D36F0BE7275FA652009D5A69 /* TagCollectionViewCell.swift */,
				D36292182761225400328090 /* ChoiceCollectionViewCell.swift */,
			);
			path = collectionViewCell;
			sourceTree = "<group>";
		};
		D3ECD6F32763BA0100366A1D /* customElement */ = {
			isa = PBXGroup;
			children = (
				D3ECD6EC276355F900366A1D /* CustomOrangeButton.swift */,
				D3ECD6F12763B9F400366A1D /* CustomProfilPictureView.swift */,
			);
			path = customElement;
			sourceTree = "<group>";
		};
/* End PBXGroup section */

/* Begin PBXNativeTarget section */
		D32952D727A30A6B009C34CB /* musicityUnitTests */ = {
			isa = PBXNativeTarget;
			buildConfigurationList = D32952E027A30A6B009C34CB /* Build configuration list for PBXNativeTarget "musicityUnitTests" */;
			buildPhases = (
				D32952D427A30A6B009C34CB /* Sources */,
				D32952D527A30A6B009C34CB /* Frameworks */,
				D32952D627A30A6B009C34CB /* Resources */,
			);
			buildRules = (
			);
			dependencies = (
				D32952DD27A30A6B009C34CB /* PBXTargetDependency */,
			);
			name = musicityUnitTests;
			productName = musicityUnitTests;
			productReference = D32952D827A30A6B009C34CB /* musicityUnitTests.xctest */;
			productType = "com.apple.product-type.bundle.unit-test";
		};
		D37D91F42747B72000D59BC5 /* musicity */ = {
			isa = PBXNativeTarget;
			buildConfigurationList = D37D921F2747B72100D59BC5 /* Build configuration list for PBXNativeTarget "musicity" */;
			buildPhases = (
				D37D91F12747B72000D59BC5 /* Sources */,
				D37D91F22747B72000D59BC5 /* Frameworks */,
				D37D91F32747B72000D59BC5 /* Resources */,
			);
			buildRules = (
			);
			dependencies = (
			);
			name = musicity;
			packageProductDependencies = (
				D372FE72275E28D300DC5298 /* FirebaseDatabase */,
				D372FE74275E28DE00DC5298 /* FirebaseAuth */,
				D372FE76275E28E900DC5298 /* GeoFire */,
				D372FE7C275E28FB00DC5298 /* FirebaseStorage */,
				D372FE83275E300900DC5298 /* YoutubePlayer-in-WKWebView */,
				D3452177279458200074BBBB /* IQKeyboardManagerSwift */,
				D3C58D44279493E0001073AD /* InputBarAccessoryView */,
			);
			productName = musicity;
			productReference = D37D91F52747B72000D59BC5 /* musicity.app */;
			productType = "com.apple.product-type.application";
		};
/* End PBXNativeTarget section */

/* Begin PBXProject section */
		D37D91ED2747B72000D59BC5 /* Project object */ = {
			isa = PBXProject;
			attributes = {
				BuildIndependentTargetsInParallel = 1;
				LastSwiftUpdateCheck = 1320;
				LastUpgradeCheck = 1310;
				TargetAttributes = {
					D32952D727A30A6B009C34CB = {
						CreatedOnToolsVersion = 13.2;
						LastSwiftMigration = 1320;
						TestTargetID = D37D91F42747B72000D59BC5;
					};
					D37D91F42747B72000D59BC5 = {
						CreatedOnToolsVersion = 13.1;
					};
				};
			};
			buildConfigurationList = D37D91F02747B72000D59BC5 /* Build configuration list for PBXProject "musicity" */;
			compatibilityVersion = "Xcode 13.0";
			developmentRegion = en;
			hasScannedForEncodings = 0;
			knownRegions = (
				en,
				Base,
			);
			mainGroup = D37D91EC2747B72000D59BC5;
			packageReferences = (
				D34B1E712748E7BD00A7B77F /* XCRemoteSwiftPackageReference "firebase-ios-sdk" */,
				D3497CBC27579C0B00D69D08 /* XCRemoteSwiftPackageReference "geofire-objc" */,
				D372FE82275E300900DC5298 /* XCRemoteSwiftPackageReference "YoutubePlayer-in-WKWebView" */,
				D3452176279458200074BBBB /* XCRemoteSwiftPackageReference "IQKeyboardManager" */,
				D3C58D43279493E0001073AD /* XCRemoteSwiftPackageReference "InputBarAccessoryView" */,
			);
			productRefGroup = D37D91F62747B72000D59BC5 /* Products */;
			projectDirPath = "";
			projectRoot = "";
			targets = (
				D37D91F42747B72000D59BC5 /* musicity */,
				D32952D727A30A6B009C34CB /* musicityUnitTests */,
			);
		};
/* End PBXProject section */

/* Begin PBXResourcesBuildPhase section */
		D32952D627A30A6B009C34CB /* Resources */ = {
			isa = PBXResourcesBuildPhase;
			buildActionMask = 2147483647;
			files = (
			);
			runOnlyForDeploymentPostprocessing = 0;
		};
		D37D91F32747B72000D59BC5 /* Resources */ = {
			isa = PBXResourcesBuildPhase;
			buildActionMask = 2147483647;
			files = (
				D37D92322748080D00D59BC5 /* Archistico_Bold.ttf in Resources */,
				D37D92052747B72100D59BC5 /* LaunchScreen.storyboard in Resources */,
				D34B1E702748E0D600A7B77F /* GoogleService-Info.plist in Resources */,
				D37D92022747B72100D59BC5 /* Assets.xcassets in Resources */,
				D37D92002747B72000D59BC5 /* Main.storyboard in Resources */,
			);
			runOnlyForDeploymentPostprocessing = 0;
		};
/* End PBXResourcesBuildPhase section */

/* Begin PBXSourcesBuildPhase section */
		D32952D427A30A6B009C34CB /* Sources */ = {
			isa = PBXSourcesBuildPhase;
			buildActionMask = 2147483647;
			files = (
				D3ACE21327AA967700896354 /* FirebaseManagerTest.swift in Sources */,
				D3ACE20C27A7FEDC00896354 /* ResultInfoTest.swift in Sources */,
				D32952E227A30B29009C34CB /* UserInfoTest.swift in Sources */,
				D36A4AC727A727EC0089BF0C /* ExportUserDataBase.swift in Sources */,
			);
			runOnlyForDeploymentPostprocessing = 0;
		};
		D37D91F12747B72000D59BC5 /* Sources */ = {
			isa = PBXSourcesBuildPhase;
			buildActionMask = 2147483647;
			files = (
				D3497CB727566F7C00D69D08 /* MusicityHomeViewController.swift in Sources */,
				D3348D19274EAA1300811091 /* UserInfo.swift in Sources */,
				D31BCE3B2784B23C00B0E21A /* MessengerTableViewCell.swift in Sources */,
				D3B14CF2275A4B5800BA5876 /* ResultInfo.swift in Sources */,
				D3ECCC49274AB020005538E6 /* CustomConnextionView.swift in Sources */,
				D386B45C27611795003CA551 /* FirstCreateProfilViewController.swift in Sources */,
				D37D92302747ED1700D59BC5 /* CustomCreateUserView.swift in Sources */,
				D31BCE382784B16000B0E21A /* AllConversation.swift in Sources */,
				D3B14CF4275A596300BA5876 /* TileCollectionViewCell.swift in Sources */,
				D3497CB927567A5100D69D08 /* WelcomeViewController.swift in Sources */,
				D35075262772513900DD3365 /* YoutubeManager.swift in Sources */,
				D33762642758D8EC0083FE53 /* MusicityHomeCustomView.swift in Sources */,
				D3100F0B275E1AFC004BB3BF /* ProfilPageView.swift in Sources */,
				D332D818275295FB001B9A26 /* MusicInstruments.swift in Sources */,
				D36F0BE8275FA652009D5A69 /* TagCollectionViewCell.swift in Sources */,
				D3ECD6F52763BF6600366A1D /* EditProfilViewController.swift in Sources */,
				D3FF5A5A2770F794000596D7 /* EditProfilCustomView.swift in Sources */,
				D32E5A23274D659F0045073C /* FirebaseManager.swift in Sources */,
				D36292192761225400328090 /* ChoiceCollectionViewCell.swift in Sources */,
				D37D91FD2747B72000D59BC5 /* CreateUserViewController.swift in Sources */,
				D39353812762310B000A57B3 /* SecondCreateProfilTableViewController.swift in Sources */,
				D3ECD6ED276355F900366A1D /* CustomOrangeButton.swift in Sources */,
				D332D814275280EC001B9A26 /* AccessPathDataBase.swift in Sources */,
				D37D91F92747B72000D59BC5 /* AppDelegate.swift in Sources */,
				D37D91FB2747B72000D59BC5 /* SceneDelegate.swift in Sources */,
				D33762602758A8F20083FE53 /* GeolocalisationManager.swift in Sources */,
				D3A86925274F9FE400D2BCC8 /* MusicStyle.swift in Sources */,
				D34049A32786090800FA2F90 /* TchatViewController.swift in Sources */,
				D381CB0F277B18C500570A1F /* ResultProfilPage.swift in Sources */,
				D34049A527862EB500FA2F90 /* TchatTableViewCell.swift in Sources */,
				D3ECD6F22763B9F400366A1D /* CustomProfilPictureView.swift in Sources */,
				D381CB15277B8F7000570A1F /* FilterViewController.swift in Sources */,
				D3ECCC4D274AC5F7005538E6 /* AlerteManager.swift in Sources */,
				D3ECCC4B274AB2CC005538E6 /* LogInViewController.swift in Sources */,
				D393538327623CB8000A57B3 /* CustomCreateSecondUIView.swift in Sources */,
				D3100F07275DF02B004BB3BF /* ResultUserProfilViewController.swift in Sources */,
				D3497CB5275668EC00D69D08 /* ProfilUserViewController.swift in Sources */,
			);
			runOnlyForDeploymentPostprocessing = 0;
		};
/* End PBXSourcesBuildPhase section */

/* Begin PBXTargetDependency section */
		D32952DD27A30A6B009C34CB /* PBXTargetDependency */ = {
			isa = PBXTargetDependency;
			target = D37D91F42747B72000D59BC5 /* musicity */;
			targetProxy = D32952DC27A30A6B009C34CB /* PBXContainerItemProxy */;
		};
/* End PBXTargetDependency section */

/* Begin PBXVariantGroup section */
		D37D91FE2747B72000D59BC5 /* Main.storyboard */ = {
			isa = PBXVariantGroup;
			children = (
				D37D91FF2747B72000D59BC5 /* Base */,
			);
			name = Main.storyboard;
			sourceTree = "<group>";
		};
		D37D92032747B72100D59BC5 /* LaunchScreen.storyboard */ = {
			isa = PBXVariantGroup;
			children = (
				D37D92042747B72100D59BC5 /* Base */,
			);
			name = LaunchScreen.storyboard;
			sourceTree = "<group>";
		};
/* End PBXVariantGroup section */

/* Begin XCBuildConfiguration section */
		D32952DE27A30A6B009C34CB /* Debug */ = {
			isa = XCBuildConfiguration;
			buildSettings = {
				BUNDLE_LOADER = "$(TEST_HOST)";
				CLANG_ENABLE_MODULES = YES;
				CODE_SIGN_STYLE = Automatic;
				CURRENT_PROJECT_VERSION = 1;
				DEVELOPMENT_TEAM = MMWV3F3KVU;
				GENERATE_INFOPLIST_FILE = YES;
				IPHONEOS_DEPLOYMENT_TARGET = 15.2;
				LD_RUNPATH_SEARCH_PATHS = (
					"$(inherited)",
					"@executable_path/Frameworks",
					"@loader_path/Frameworks",
				);
				MARKETING_VERSION = 1.0;
				PRODUCT_BUNDLE_IDENTIFIER = fr.FriessBrian.musicityUnitTests;
				PRODUCT_NAME = "$(TARGET_NAME)";
				SWIFT_EMIT_LOC_STRINGS = NO;
				SWIFT_OPTIMIZATION_LEVEL = "-Onone";
				SWIFT_VERSION = 5.0;
				TARGETED_DEVICE_FAMILY = "1,2";
				TEST_HOST = "$(BUILT_PRODUCTS_DIR)/musicity.app/musicity";
			};
			name = Debug;
		};
		D32952DF27A30A6B009C34CB /* Release */ = {
			isa = XCBuildConfiguration;
			buildSettings = {
				BUNDLE_LOADER = "$(TEST_HOST)";
				CLANG_ENABLE_MODULES = YES;
				CODE_SIGN_STYLE = Automatic;
				CURRENT_PROJECT_VERSION = 1;
				DEVELOPMENT_TEAM = MMWV3F3KVU;
				GENERATE_INFOPLIST_FILE = YES;
				IPHONEOS_DEPLOYMENT_TARGET = 15.2;
				LD_RUNPATH_SEARCH_PATHS = (
					"$(inherited)",
					"@executable_path/Frameworks",
					"@loader_path/Frameworks",
				);
				MARKETING_VERSION = 1.0;
				PRODUCT_BUNDLE_IDENTIFIER = fr.FriessBrian.musicityUnitTests;
				PRODUCT_NAME = "$(TARGET_NAME)";
				SWIFT_EMIT_LOC_STRINGS = NO;
				SWIFT_VERSION = 5.0;
				TARGETED_DEVICE_FAMILY = "1,2";
				TEST_HOST = "$(BUILT_PRODUCTS_DIR)/musicity.app/musicity";
			};
			name = Release;
		};
		D37D921D2747B72100D59BC5 /* Debug */ = {
			isa = XCBuildConfiguration;
			buildSettings = {
				ALWAYS_SEARCH_USER_PATHS = NO;
				CLANG_ANALYZER_LOCALIZABILITY_NONLOCALIZED = YES;
				CLANG_ANALYZER_NONNULL = YES;
				CLANG_ANALYZER_NUMBER_OBJECT_CONVERSION = YES_AGGRESSIVE;
				CLANG_CXX_LANGUAGE_STANDARD = "gnu++17";
				CLANG_CXX_LIBRARY = "libc++";
				CLANG_ENABLE_MODULES = YES;
				CLANG_ENABLE_OBJC_ARC = YES;
				CLANG_ENABLE_OBJC_WEAK = YES;
				CLANG_WARN_BLOCK_CAPTURE_AUTORELEASING = YES;
				CLANG_WARN_BOOL_CONVERSION = YES;
				CLANG_WARN_COMMA = YES;
				CLANG_WARN_CONSTANT_CONVERSION = YES;
				CLANG_WARN_DEPRECATED_OBJC_IMPLEMENTATIONS = YES;
				CLANG_WARN_DIRECT_OBJC_ISA_USAGE = YES_ERROR;
				CLANG_WARN_DOCUMENTATION_COMMENTS = YES;
				CLANG_WARN_EMPTY_BODY = YES;
				CLANG_WARN_ENUM_CONVERSION = YES;
				CLANG_WARN_INFINITE_RECURSION = YES;
				CLANG_WARN_INT_CONVERSION = YES;
				CLANG_WARN_NON_LITERAL_NULL_CONVERSION = YES;
				CLANG_WARN_OBJC_IMPLICIT_RETAIN_SELF = YES;
				CLANG_WARN_OBJC_LITERAL_CONVERSION = YES;
				CLANG_WARN_OBJC_ROOT_CLASS = YES_ERROR;
				CLANG_WARN_QUOTED_INCLUDE_IN_FRAMEWORK_HEADER = YES;
				CLANG_WARN_RANGE_LOOP_ANALYSIS = YES;
				CLANG_WARN_STRICT_PROTOTYPES = YES;
				CLANG_WARN_SUSPICIOUS_MOVE = YES;
				CLANG_WARN_UNGUARDED_AVAILABILITY = YES_AGGRESSIVE;
				CLANG_WARN_UNREACHABLE_CODE = YES;
				CLANG_WARN__DUPLICATE_METHOD_MATCH = YES;
				COPY_PHASE_STRIP = NO;
				DEBUG_INFORMATION_FORMAT = dwarf;
				ENABLE_BITCODE = NO;
				ENABLE_STRICT_OBJC_MSGSEND = YES;
				ENABLE_TESTABILITY = YES;
				GCC_C_LANGUAGE_STANDARD = gnu11;
				GCC_DYNAMIC_NO_PIC = NO;
				GCC_NO_COMMON_BLOCKS = YES;
				GCC_OPTIMIZATION_LEVEL = 0;
				GCC_PREPROCESSOR_DEFINITIONS = (
					"DEBUG=1",
					"$(inherited)",
				);
				GCC_WARN_64_TO_32_BIT_CONVERSION = YES;
				GCC_WARN_ABOUT_RETURN_TYPE = YES_ERROR;
				GCC_WARN_INHIBIT_ALL_WARNINGS = NO;
				GCC_WARN_UNDECLARED_SELECTOR = YES;
				GCC_WARN_UNINITIALIZED_AUTOS = YES_AGGRESSIVE;
				GCC_WARN_UNUSED_FUNCTION = YES;
				GCC_WARN_UNUSED_VARIABLE = YES;
				IPHONEOS_DEPLOYMENT_TARGET = 15.1;
				MTL_ENABLE_DEBUG_INFO = INCLUDE_SOURCE;
				MTL_FAST_MATH = YES;
				ONLY_ACTIVE_ARCH = YES;
				SDKROOT = iphoneos;
				SWIFT_ACTIVE_COMPILATION_CONDITIONS = DEBUG;
				SWIFT_OPTIMIZATION_LEVEL = "-Onone";
			};
			name = Debug;
		};
		D37D921E2747B72100D59BC5 /* Release */ = {
			isa = XCBuildConfiguration;
			buildSettings = {
				ALWAYS_SEARCH_USER_PATHS = NO;
				CLANG_ANALYZER_LOCALIZABILITY_NONLOCALIZED = YES;
				CLANG_ANALYZER_NONNULL = YES;
				CLANG_ANALYZER_NUMBER_OBJECT_CONVERSION = YES_AGGRESSIVE;
				CLANG_CXX_LANGUAGE_STANDARD = "gnu++17";
				CLANG_CXX_LIBRARY = "libc++";
				CLANG_ENABLE_MODULES = YES;
				CLANG_ENABLE_OBJC_ARC = YES;
				CLANG_ENABLE_OBJC_WEAK = YES;
				CLANG_WARN_BLOCK_CAPTURE_AUTORELEASING = YES;
				CLANG_WARN_BOOL_CONVERSION = YES;
				CLANG_WARN_COMMA = YES;
				CLANG_WARN_CONSTANT_CONVERSION = YES;
				CLANG_WARN_DEPRECATED_OBJC_IMPLEMENTATIONS = YES;
				CLANG_WARN_DIRECT_OBJC_ISA_USAGE = YES_ERROR;
				CLANG_WARN_DOCUMENTATION_COMMENTS = YES;
				CLANG_WARN_EMPTY_BODY = YES;
				CLANG_WARN_ENUM_CONVERSION = YES;
				CLANG_WARN_INFINITE_RECURSION = YES;
				CLANG_WARN_INT_CONVERSION = YES;
				CLANG_WARN_NON_LITERAL_NULL_CONVERSION = YES;
				CLANG_WARN_OBJC_IMPLICIT_RETAIN_SELF = YES;
				CLANG_WARN_OBJC_LITERAL_CONVERSION = YES;
				CLANG_WARN_OBJC_ROOT_CLASS = YES_ERROR;
				CLANG_WARN_QUOTED_INCLUDE_IN_FRAMEWORK_HEADER = YES;
				CLANG_WARN_RANGE_LOOP_ANALYSIS = YES;
				CLANG_WARN_STRICT_PROTOTYPES = YES;
				CLANG_WARN_SUSPICIOUS_MOVE = YES;
				CLANG_WARN_UNGUARDED_AVAILABILITY = YES_AGGRESSIVE;
				CLANG_WARN_UNREACHABLE_CODE = YES;
				CLANG_WARN__DUPLICATE_METHOD_MATCH = YES;
				COPY_PHASE_STRIP = NO;
				DEBUG_INFORMATION_FORMAT = "dwarf-with-dsym";
				ENABLE_BITCODE = NO;
				ENABLE_NS_ASSERTIONS = NO;
				ENABLE_STRICT_OBJC_MSGSEND = YES;
				GCC_C_LANGUAGE_STANDARD = gnu11;
				GCC_NO_COMMON_BLOCKS = YES;
				GCC_WARN_64_TO_32_BIT_CONVERSION = YES;
				GCC_WARN_ABOUT_RETURN_TYPE = YES_ERROR;
				GCC_WARN_INHIBIT_ALL_WARNINGS = NO;
				GCC_WARN_UNDECLARED_SELECTOR = YES;
				GCC_WARN_UNINITIALIZED_AUTOS = YES_AGGRESSIVE;
				GCC_WARN_UNUSED_FUNCTION = YES;
				GCC_WARN_UNUSED_VARIABLE = YES;
				IPHONEOS_DEPLOYMENT_TARGET = 15.1;
				MTL_ENABLE_DEBUG_INFO = NO;
				MTL_FAST_MATH = YES;
				SDKROOT = iphoneos;
				SWIFT_COMPILATION_MODE = wholemodule;
				SWIFT_OPTIMIZATION_LEVEL = "-O";
				VALIDATE_PRODUCT = YES;
			};
			name = Release;
		};
		D37D92202747B72100D59BC5 /* Debug */ = {
			isa = XCBuildConfiguration;
			buildSettings = {
				ASSETCATALOG_COMPILER_APPICON_NAME = AppIcon;
				ASSETCATALOG_COMPILER_GLOBAL_ACCENT_COLOR_NAME = AccentColor;
				CODE_SIGN_STYLE = Automatic;
				CURRENT_PROJECT_VERSION = 1;
				DEVELOPMENT_TEAM = MMWV3F3KVU;
				GCC_WARN_64_TO_32_BIT_CONVERSION = YES;
				"GCC_WARN_64_TO_32_BIT_CONVERSION[arch=*64]" = YES;
				GCC_WARN_INHIBIT_ALL_WARNINGS = NO;
				GENERATE_INFOPLIST_FILE = YES;
				INFOPLIST_FILE = musicity/Info.plist;
				INFOPLIST_KEY_NSLocationAlwaysAndWhenInUseUsageDescription = "Musicity utilise votre localisation pour trouver des musiciens autour de vous";
				INFOPLIST_KEY_NSLocationWhenInUseUsageDescription = "Musicity utilise votre localisation pour trouver des musiciens autour de vous";
				INFOPLIST_KEY_NSPhotoLibraryAddUsageDescription = "Musicity souhaite accéder à vos photos";
				INFOPLIST_KEY_NSPhotoLibraryUsageDescription = "Musicity souhaite accéder à vos photos";
				INFOPLIST_KEY_UIApplicationSupportsIndirectInputEvents = YES;
				INFOPLIST_KEY_UILaunchStoryboardName = LaunchScreen;
				INFOPLIST_KEY_UIMainStoryboardFile = Main;
				INFOPLIST_KEY_UIRequiresFullScreen = YES;
				INFOPLIST_KEY_UIStatusBarHidden = NO;
				INFOPLIST_KEY_UISupportedInterfaceOrientations = UIInterfaceOrientationPortrait;
				INFOPLIST_KEY_UISupportedInterfaceOrientations_iPad = "UIInterfaceOrientationPortrait UIInterfaceOrientationPortraitUpsideDown UIInterfaceOrientationLandscapeLeft UIInterfaceOrientationLandscapeRight";
				INFOPLIST_KEY_UISupportedInterfaceOrientations_iPhone = "UIInterfaceOrientationPortrait UIInterfaceOrientationLandscapeLeft UIInterfaceOrientationLandscapeRight";
				LD_RUNPATH_SEARCH_PATHS = (
					"$(inherited)",
					"@executable_path/Frameworks",
				);
				MARKETING_VERSION = 1.0;
				PRODUCT_BUNDLE_IDENTIFIER = fr.FriessBrian.musicity;
				PRODUCT_NAME = "$(TARGET_NAME)";
				SWIFT_EMIT_LOC_STRINGS = YES;
				SWIFT_VERSION = 5.0;
				TARGETED_DEVICE_FAMILY = "1,2";
			};
			name = Debug;
		};
		D37D92212747B72100D59BC5 /* Release */ = {
			isa = XCBuildConfiguration;
			buildSettings = {
				ASSETCATALOG_COMPILER_APPICON_NAME = AppIcon;
				ASSETCATALOG_COMPILER_GLOBAL_ACCENT_COLOR_NAME = AccentColor;
				CODE_SIGN_STYLE = Automatic;
				CURRENT_PROJECT_VERSION = 1;
				DEVELOPMENT_TEAM = MMWV3F3KVU;
				GCC_WARN_64_TO_32_BIT_CONVERSION = YES;
				"GCC_WARN_64_TO_32_BIT_CONVERSION[arch=*64]" = YES;
				GCC_WARN_INHIBIT_ALL_WARNINGS = NO;
				GENERATE_INFOPLIST_FILE = YES;
				INFOPLIST_FILE = musicity/Info.plist;
				INFOPLIST_KEY_NSLocationAlwaysAndWhenInUseUsageDescription = "Musicity utilise votre localisation pour trouver des musiciens autour de vous";
				INFOPLIST_KEY_NSLocationWhenInUseUsageDescription = "Musicity utilise votre localisation pour trouver des musiciens autour de vous";
				INFOPLIST_KEY_NSPhotoLibraryAddUsageDescription = "Musicity souhaite accéder à vos photos";
				INFOPLIST_KEY_NSPhotoLibraryUsageDescription = "Musicity souhaite accéder à vos photos";
				INFOPLIST_KEY_UIApplicationSupportsIndirectInputEvents = YES;
				INFOPLIST_KEY_UILaunchStoryboardName = LaunchScreen;
				INFOPLIST_KEY_UIMainStoryboardFile = Main;
				INFOPLIST_KEY_UIRequiresFullScreen = YES;
				INFOPLIST_KEY_UIStatusBarHidden = NO;
				INFOPLIST_KEY_UISupportedInterfaceOrientations = UIInterfaceOrientationPortrait;
				INFOPLIST_KEY_UISupportedInterfaceOrientations_iPad = "UIInterfaceOrientationPortrait UIInterfaceOrientationPortraitUpsideDown UIInterfaceOrientationLandscapeLeft UIInterfaceOrientationLandscapeRight";
				INFOPLIST_KEY_UISupportedInterfaceOrientations_iPhone = "UIInterfaceOrientationPortrait UIInterfaceOrientationLandscapeLeft UIInterfaceOrientationLandscapeRight";
				LD_RUNPATH_SEARCH_PATHS = (
					"$(inherited)",
					"@executable_path/Frameworks",
				);
				MARKETING_VERSION = 1.0;
				PRODUCT_BUNDLE_IDENTIFIER = fr.FriessBrian.musicity;
				PRODUCT_NAME = "$(TARGET_NAME)";
				SWIFT_EMIT_LOC_STRINGS = YES;
				SWIFT_VERSION = 5.0;
				TARGETED_DEVICE_FAMILY = "1,2";
			};
			name = Release;
		};
/* End XCBuildConfiguration section */

/* Begin XCConfigurationList section */
		D32952E027A30A6B009C34CB /* Build configuration list for PBXNativeTarget "musicityUnitTests" */ = {
			isa = XCConfigurationList;
			buildConfigurations = (
				D32952DE27A30A6B009C34CB /* Debug */,
				D32952DF27A30A6B009C34CB /* Release */,
			);
			defaultConfigurationIsVisible = 0;
			defaultConfigurationName = Release;
		};
		D37D91F02747B72000D59BC5 /* Build configuration list for PBXProject "musicity" */ = {
			isa = XCConfigurationList;
			buildConfigurations = (
				D37D921D2747B72100D59BC5 /* Debug */,
				D37D921E2747B72100D59BC5 /* Release */,
			);
			defaultConfigurationIsVisible = 0;
			defaultConfigurationName = Release;
		};
		D37D921F2747B72100D59BC5 /* Build configuration list for PBXNativeTarget "musicity" */ = {
			isa = XCConfigurationList;
			buildConfigurations = (
				D37D92202747B72100D59BC5 /* Debug */,
				D37D92212747B72100D59BC5 /* Release */,
			);
			defaultConfigurationIsVisible = 0;
			defaultConfigurationName = Release;
		};
/* End XCConfigurationList section */

/* Begin XCRemoteSwiftPackageReference section */
		D3452176279458200074BBBB /* XCRemoteSwiftPackageReference "IQKeyboardManager" */ = {
			isa = XCRemoteSwiftPackageReference;
			repositoryURL = "https://github.com/hackiftekhar/IQKeyboardManager.git";
			requirement = {
				branch = master;
				kind = branch;
			};
		};
		D3497CBC27579C0B00D69D08 /* XCRemoteSwiftPackageReference "geofire-objc" */ = {
			isa = XCRemoteSwiftPackageReference;
			repositoryURL = "https://github.com/firebase/geofire-objc.git";
			requirement = {
				kind = upToNextMajorVersion;
				minimumVersion = 4.0.0;
			};
		};
		D34B1E712748E7BD00A7B77F /* XCRemoteSwiftPackageReference "firebase-ios-sdk" */ = {
			isa = XCRemoteSwiftPackageReference;
			repositoryURL = "https://github.com/firebase/firebase-ios-sdk";
			requirement = {
				branch = master;
				kind = branch;
			};
		};
		D372FE82275E300900DC5298 /* XCRemoteSwiftPackageReference "YoutubePlayer-in-WKWebView" */ = {
			isa = XCRemoteSwiftPackageReference;
			repositoryURL = "https://github.com/hmhv/YoutubePlayer-in-WKWebView.git";
			requirement = {
				kind = upToNextMajorVersion;
				minimumVersion = 0.3.8;
			};
		};
		D3C58D43279493E0001073AD /* XCRemoteSwiftPackageReference "InputBarAccessoryView" */ = {
			isa = XCRemoteSwiftPackageReference;
			repositoryURL = "https://github.com/nathantannar4/InputBarAccessoryView.git";
			requirement = {
				kind = upToNextMajorVersion;
				minimumVersion = 5.0.0;
			};
		};
/* End XCRemoteSwiftPackageReference section */

/* Begin XCSwiftPackageProductDependency section */
		D3452177279458200074BBBB /* IQKeyboardManagerSwift */ = {
			isa = XCSwiftPackageProductDependency;
			package = D3452176279458200074BBBB /* XCRemoteSwiftPackageReference "IQKeyboardManager" */;
			productName = IQKeyboardManagerSwift;
		};
		D372FE72275E28D300DC5298 /* FirebaseDatabase */ = {
			isa = XCSwiftPackageProductDependency;
			package = D34B1E712748E7BD00A7B77F /* XCRemoteSwiftPackageReference "firebase-ios-sdk" */;
			productName = FirebaseDatabase;
		};
		D372FE74275E28DE00DC5298 /* FirebaseAuth */ = {
			isa = XCSwiftPackageProductDependency;
			package = D34B1E712748E7BD00A7B77F /* XCRemoteSwiftPackageReference "firebase-ios-sdk" */;
			productName = FirebaseAuth;
		};
		D372FE76275E28E900DC5298 /* GeoFire */ = {
			isa = XCSwiftPackageProductDependency;
			package = D3497CBC27579C0B00D69D08 /* XCRemoteSwiftPackageReference "geofire-objc" */;
			productName = GeoFire;
		};
		D372FE7C275E28FB00DC5298 /* FirebaseStorage */ = {
			isa = XCSwiftPackageProductDependency;
			package = D34B1E712748E7BD00A7B77F /* XCRemoteSwiftPackageReference "firebase-ios-sdk" */;
			productName = FirebaseStorage;
		};
		D372FE83275E300900DC5298 /* YoutubePlayer-in-WKWebView */ = {
			isa = XCSwiftPackageProductDependency;
			package = D372FE82275E300900DC5298 /* XCRemoteSwiftPackageReference "YoutubePlayer-in-WKWebView" */;
			productName = "YoutubePlayer-in-WKWebView";
		};
		D3C58D44279493E0001073AD /* InputBarAccessoryView */ = {
			isa = XCSwiftPackageProductDependency;
			package = D3C58D43279493E0001073AD /* XCRemoteSwiftPackageReference "InputBarAccessoryView" */;
			productName = InputBarAccessoryView;
		};
/* End XCSwiftPackageProductDependency section */
	};
	rootObject = D37D91ED2747B72000D59BC5 /* Project object */;
}
